// !$*UTF8*$!
{
	archiveVersion = 1;
	classes = {
	};
	objectVersion = 50;
	objects = {

/* Begin PBXBuildFile section */
		C82FEB8D25E6FF5C00EDFF44 /* Tests_iOS.swift in Sources */ = {isa = PBXBuildFile; fileRef = C82FEB8C25E6FF5C00EDFF44 /* Tests_iOS.swift */; };
		C82FEB9825E6FF5C00EDFF44 /* Tests_macOS.swift in Sources */ = {isa = PBXBuildFile; fileRef = C82FEB9725E6FF5C00EDFF44 /* Tests_macOS.swift */; };
		C82FEB9A25E6FF5C00EDFF44 /* GitHubAppApp.swift in Sources */ = {isa = PBXBuildFile; fileRef = C82FEB7125E6FF5B00EDFF44 /* GitHubAppApp.swift */; };
		C82FEB9B25E6FF5C00EDFF44 /* GitHubAppApp.swift in Sources */ = {isa = PBXBuildFile; fileRef = C82FEB7125E6FF5B00EDFF44 /* GitHubAppApp.swift */; };
		C82FEB9C25E6FF5C00EDFF44 /* ContentView.swift in Sources */ = {isa = PBXBuildFile; fileRef = C82FEB7225E6FF5B00EDFF44 /* ContentView.swift */; };
		C82FEB9D25E6FF5C00EDFF44 /* ContentView.swift in Sources */ = {isa = PBXBuildFile; fileRef = C82FEB7225E6FF5B00EDFF44 /* ContentView.swift */; };
		C82FEB9E25E6FF5C00EDFF44 /* Assets.xcassets in Resources */ = {isa = PBXBuildFile; fileRef = C82FEB7325E6FF5C00EDFF44 /* Assets.xcassets */; };
		C82FEB9F25E6FF5C00EDFF44 /* Assets.xcassets in Resources */ = {isa = PBXBuildFile; fileRef = C82FEB7325E6FF5C00EDFF44 /* Assets.xcassets */; };
/* End PBXBuildFile section */

/* Begin PBXContainerItemProxy section */
		C82FEB8925E6FF5C00EDFF44 /* PBXContainerItemProxy */ = {
			isa = PBXContainerItemProxy;
			containerPortal = C82FEB6C25E6FF5B00EDFF44 /* Project object */;
			proxyType = 1;
			remoteGlobalIDString = C82FEB7725E6FF5C00EDFF44;
			remoteInfo = "GitHubApp (iOS)";
		};
		C82FEB9425E6FF5C00EDFF44 /* PBXContainerItemProxy */ = {
			isa = PBXContainerItemProxy;
			containerPortal = C82FEB6C25E6FF5B00EDFF44 /* Project object */;
			proxyType = 1;
			remoteGlobalIDString = C82FEB7F25E6FF5C00EDFF44;
			remoteInfo = "GitHubApp (macOS)";
		};
/* End PBXContainerItemProxy section */

/* Begin PBXFileReference section */
		C82FEB7125E6FF5B00EDFF44 /* GitHubAppApp.swift */ = {isa = PBXFileReference; lastKnownFileType = sourcecode.swift; path = GitHubAppApp.swift; sourceTree = "<group>"; };
		C82FEB7225E6FF5B00EDFF44 /* ContentView.swift */ = {isa = PBXFileReference; lastKnownFileType = sourcecode.swift; path = ContentView.swift; sourceTree = "<group>"; };
		C82FEB7325E6FF5C00EDFF44 /* Assets.xcassets */ = {isa = PBXFileReference; lastKnownFileType = folder.assetcatalog; path = Assets.xcassets; sourceTree = "<group>"; };
		C82FEB7825E6FF5C00EDFF44 /* GitHubApp.app */ = {isa = PBXFileReference; explicitFileType = wrapper.application; includeInIndex = 0; path = GitHubApp.app; sourceTree = BUILT_PRODUCTS_DIR; };
		C82FEB7B25E6FF5C00EDFF44 /* Info.plist */ = {isa = PBXFileReference; lastKnownFileType = text.plist.xml; path = Info.plist; sourceTree = "<group>"; };
		C82FEB8025E6FF5C00EDFF44 /* GitHubApp.app */ = {isa = PBXFileReference; explicitFileType = wrapper.application; includeInIndex = 0; path = GitHubApp.app; sourceTree = BUILT_PRODUCTS_DIR; };
		C82FEB8225E6FF5C00EDFF44 /* Info.plist */ = {isa = PBXFileReference; lastKnownFileType = text.plist.xml; path = Info.plist; sourceTree = "<group>"; };
		C82FEB8325E6FF5C00EDFF44 /* macOS.entitlements */ = {isa = PBXFileReference; lastKnownFileType = text.plist.entitlements; path = macOS.entitlements; sourceTree = "<group>"; };
		C82FEB8825E6FF5C00EDFF44 /* Tests iOS.xctest */ = {isa = PBXFileReference; explicitFileType = wrapper.cfbundle; includeInIndex = 0; path = "Tests iOS.xctest"; sourceTree = BUILT_PRODUCTS_DIR; };
		C82FEB8C25E6FF5C00EDFF44 /* Tests_iOS.swift */ = {isa = PBXFileReference; lastKnownFileType = sourcecode.swift; path = Tests_iOS.swift; sourceTree = "<group>"; };
		C82FEB8E25E6FF5C00EDFF44 /* Info.plist */ = {isa = PBXFileReference; lastKnownFileType = text.plist.xml; path = Info.plist; sourceTree = "<group>"; };
		C82FEB9325E6FF5C00EDFF44 /* Tests macOS.xctest */ = {isa = PBXFileReference; explicitFileType = wrapper.cfbundle; includeInIndex = 0; path = "Tests macOS.xctest"; sourceTree = BUILT_PRODUCTS_DIR; };
		C82FEB9725E6FF5C00EDFF44 /* Tests_macOS.swift */ = {isa = PBXFileReference; lastKnownFileType = sourcecode.swift; path = Tests_macOS.swift; sourceTree = "<group>"; };
		C82FEB9925E6FF5C00EDFF44 /* Info.plist */ = {isa = PBXFileReference; lastKnownFileType = text.plist.xml; path = Info.plist; sourceTree = "<group>"; };
/* End PBXFileReference section */

/* Begin PBXFrameworksBuildPhase section */
		C82FEB7525E6FF5C00EDFF44 /* Frameworks */ = {
			isa = PBXFrameworksBuildPhase;
			buildActionMask = 2147483647;
			files = (
			);
			runOnlyForDeploymentPostprocessing = 0;
		};
		C82FEB7D25E6FF5C00EDFF44 /* Frameworks */ = {
			isa = PBXFrameworksBuildPhase;
			buildActionMask = 2147483647;
			files = (
			);
			runOnlyForDeploymentPostprocessing = 0;
		};
		C82FEB8525E6FF5C00EDFF44 /* Frameworks */ = {
			isa = PBXFrameworksBuildPhase;
			buildActionMask = 2147483647;
			files = (
			);
			runOnlyForDeploymentPostprocessing = 0;
		};
		C82FEB9025E6FF5C00EDFF44 /* Frameworks */ = {
			isa = PBXFrameworksBuildPhase;
			buildActionMask = 2147483647;
			files = (
			);
			runOnlyForDeploymentPostprocessing = 0;
		};
/* End PBXFrameworksBuildPhase section */

/* Begin PBXGroup section */
		C82FEB6B25E6FF5B00EDFF44 = {
			isa = PBXGroup;
			children = (
				C82FEB7025E6FF5B00EDFF44 /* Shared */,
				C82FEB7A25E6FF5C00EDFF44 /* iOS */,
				C82FEB8125E6FF5C00EDFF44 /* macOS */,
				C82FEB8B25E6FF5C00EDFF44 /* Tests iOS */,
				C82FEB9625E6FF5C00EDFF44 /* Tests macOS */,
				C82FEB7925E6FF5C00EDFF44 /* Products */,
			);
			sourceTree = "<group>";
		};
		C82FEB7025E6FF5B00EDFF44 /* Shared */ = {
			isa = PBXGroup;
			children = (
				C82FEB7125E6FF5B00EDFF44 /* GitHubAppApp.swift */,
				C82FEB7225E6FF5B00EDFF44 /* ContentView.swift */,
				C82FEB7325E6FF5C00EDFF44 /* Assets.xcassets */,
			);
			path = Shared;
			sourceTree = "<group>";
		};
		C82FEB7925E6FF5C00EDFF44 /* Products */ = {
			isa = PBXGroup;
			children = (
				C82FEB7825E6FF5C00EDFF44 /* GitHubApp.app */,
				C82FEB8025E6FF5C00EDFF44 /* GitHubApp.app */,
				C82FEB8825E6FF5C00EDFF44 /* Tests iOS.xctest */,
				C82FEB9325E6FF5C00EDFF44 /* Tests macOS.xctest */,
			);
			name = Products;
			sourceTree = "<group>";
		};
		C82FEB7A25E6FF5C00EDFF44 /* iOS */ = {
			isa = PBXGroup;
			children = (
				C82FEB7B25E6FF5C00EDFF44 /* Info.plist */,
			);
			path = iOS;
			sourceTree = "<group>";
		};
		C82FEB8125E6FF5C00EDFF44 /* macOS */ = {
			isa = PBXGroup;
			children = (
				C82FEB8225E6FF5C00EDFF44 /* Info.plist */,
				C82FEB8325E6FF5C00EDFF44 /* macOS.entitlements */,
			);
			path = macOS;
			sourceTree = "<group>";
		};
		C82FEB8B25E6FF5C00EDFF44 /* Tests iOS */ = {
			isa = PBXGroup;
			children = (
				C82FEB8C25E6FF5C00EDFF44 /* Tests_iOS.swift */,
				C82FEB8E25E6FF5C00EDFF44 /* Info.plist */,
			);
			path = "Tests iOS";
			sourceTree = "<group>";
		};
		C82FEB9625E6FF5C00EDFF44 /* Tests macOS */ = {
			isa = PBXGroup;
			children = (
				C82FEB9725E6FF5C00EDFF44 /* Tests_macOS.swift */,
				C82FEB9925E6FF5C00EDFF44 /* Info.plist */,
			);
			path = "Tests macOS";
			sourceTree = "<group>";
		};
/* End PBXGroup section */

/* Begin PBXNativeTarget section */
		C82FEB7725E6FF5C00EDFF44 /* GitHubApp (iOS) */ = {
			isa = PBXNativeTarget;
			buildConfigurationList = C82FEBA225E6FF5C00EDFF44 /* Build configuration list for PBXNativeTarget "GitHubApp (iOS)" */;
			buildPhases = (
				C82FEB7425E6FF5C00EDFF44 /* Sources */,
				C82FEB7525E6FF5C00EDFF44 /* Frameworks */,
				C82FEB7625E6FF5C00EDFF44 /* Resources */,
			);
			buildRules = (
			);
			dependencies = (
			);
			name = "GitHubApp (iOS)";
			productName = "GitHubApp (iOS)";
			productReference = C82FEB7825E6FF5C00EDFF44 /* GitHubApp.app */;
			productType = "com.apple.product-type.application";
		};
		C82FEB7F25E6FF5C00EDFF44 /* GitHubApp (macOS) */ = {
			isa = PBXNativeTarget;
			buildConfigurationList = C82FEBA525E6FF5C00EDFF44 /* Build configuration list for PBXNativeTarget "GitHubApp (macOS)" */;
			buildPhases = (
				C82FEB7C25E6FF5C00EDFF44 /* Sources */,
				C82FEB7D25E6FF5C00EDFF44 /* Frameworks */,
				C82FEB7E25E6FF5C00EDFF44 /* Resources */,
			);
			buildRules = (
			);
			dependencies = (
			);
			name = "GitHubApp (macOS)";
			productName = "GitHubApp (macOS)";
			productReference = C82FEB8025E6FF5C00EDFF44 /* GitHubApp.app */;
			productType = "com.apple.product-type.application";
		};
		C82FEB8725E6FF5C00EDFF44 /* Tests iOS */ = {
			isa = PBXNativeTarget;
			buildConfigurationList = C82FEBA825E6FF5C00EDFF44 /* Build configuration list for PBXNativeTarget "Tests iOS" */;
			buildPhases = (
				C82FEB8425E6FF5C00EDFF44 /* Sources */,
				C82FEB8525E6FF5C00EDFF44 /* Frameworks */,
				C82FEB8625E6FF5C00EDFF44 /* Resources */,
			);
			buildRules = (
			);
			dependencies = (
				C82FEB8A25E6FF5C00EDFF44 /* PBXTargetDependency */,
			);
			name = "Tests iOS";
			productName = "Tests iOS";
			productReference = C82FEB8825E6FF5C00EDFF44 /* Tests iOS.xctest */;
			productType = "com.apple.product-type.bundle.ui-testing";
		};
		C82FEB9225E6FF5C00EDFF44 /* Tests macOS */ = {
			isa = PBXNativeTarget;
			buildConfigurationList = C82FEBAB25E6FF5C00EDFF44 /* Build configuration list for PBXNativeTarget "Tests macOS" */;
			buildPhases = (
				C82FEB8F25E6FF5C00EDFF44 /* Sources */,
				C82FEB9025E6FF5C00EDFF44 /* Frameworks */,
				C82FEB9125E6FF5C00EDFF44 /* Resources */,
			);
			buildRules = (
			);
			dependencies = (
				C82FEB9525E6FF5C00EDFF44 /* PBXTargetDependency */,
			);
			name = "Tests macOS";
			productName = "Tests macOS";
			productReference = C82FEB9325E6FF5C00EDFF44 /* Tests macOS.xctest */;
			productType = "com.apple.product-type.bundle.ui-testing";
		};
/* End PBXNativeTarget section */

/* Begin PBXProject section */
		C82FEB6C25E6FF5B00EDFF44 /* Project object */ = {
			isa = PBXProject;
			attributes = {
				LastSwiftUpdateCheck = 1240;
				LastUpgradeCheck = 1240;
				TargetAttributes = {
					C82FEB7725E6FF5C00EDFF44 = {
						CreatedOnToolsVersion = 12.4;
					};
					C82FEB7F25E6FF5C00EDFF44 = {
						CreatedOnToolsVersion = 12.4;
					};
					C82FEB8725E6FF5C00EDFF44 = {
						CreatedOnToolsVersion = 12.4;
						TestTargetID = C82FEB7725E6FF5C00EDFF44;
					};
					C82FEB9225E6FF5C00EDFF44 = {
						CreatedOnToolsVersion = 12.4;
						TestTargetID = C82FEB7F25E6FF5C00EDFF44;
					};
				};
			};
			buildConfigurationList = C82FEB6F25E6FF5B00EDFF44 /* Build configuration list for PBXProject "GitHubApp" */;
			compatibilityVersion = "Xcode 9.3";
			developmentRegion = en;
			hasScannedForEncodings = 0;
			knownRegions = (
				en,
				Base,
			);
			mainGroup = C82FEB6B25E6FF5B00EDFF44;
			productRefGroup = C82FEB7925E6FF5C00EDFF44 /* Products */;
			projectDirPath = "";
			projectRoot = "";
			targets = (
				C82FEB7725E6FF5C00EDFF44 /* GitHubApp (iOS) */,
				C82FEB7F25E6FF5C00EDFF44 /* GitHubApp (macOS) */,
				C82FEB8725E6FF5C00EDFF44 /* Tests iOS */,
				C82FEB9225E6FF5C00EDFF44 /* Tests macOS */,
			);
		};
/* End PBXProject section */

/* Begin PBXResourcesBuildPhase section */
		C82FEB7625E6FF5C00EDFF44 /* Resources */ = {
			isa = PBXResourcesBuildPhase;
			buildActionMask = 2147483647;
			files = (
				C82FEB9E25E6FF5C00EDFF44 /* Assets.xcassets in Resources */,
			);
			runOnlyForDeploymentPostprocessing = 0;
		};
		C82FEB7E25E6FF5C00EDFF44 /* Resources */ = {
			isa = PBXResourcesBuildPhase;
			buildActionMask = 2147483647;
			files = (
				C82FEB9F25E6FF5C00EDFF44 /* Assets.xcassets in Resources */,
			);
			runOnlyForDeploymentPostprocessing = 0;
		};
		C82FEB8625E6FF5C00EDFF44 /* Resources */ = {
			isa = PBXResourcesBuildPhase;
			buildActionMask = 2147483647;
			files = (
			);
			runOnlyForDeploymentPostprocessing = 0;
		};
		C82FEB9125E6FF5C00EDFF44 /* Resources */ = {
			isa = PBXResourcesBuildPhase;
			buildActionMask = 2147483647;
			files = (
			);
			runOnlyForDeploymentPostprocessing = 0;
		};
/* End PBXResourcesBuildPhase section */

/* Begin PBXSourcesBuildPhase section */
		C82FEB7425E6FF5C00EDFF44 /* Sources */ = {
			isa = PBXSourcesBuildPhase;
			buildActionMask = 2147483647;
			files = (
				C82FEB9C25E6FF5C00EDFF44 /* ContentView.swift in Sources */,
				C82FEB9A25E6FF5C00EDFF44 /* GitHubAppApp.swift in Sources */,
			);
			runOnlyForDeploymentPostprocessing = 0;
		};
		C82FEB7C25E6FF5C00EDFF44 /* Sources */ = {
			isa = PBXSourcesBuildPhase;
			buildActionMask = 2147483647;
			files = (
				C82FEB9D25E6FF5C00EDFF44 /* ContentView.swift in Sources */,
				C82FEB9B25E6FF5C00EDFF44 /* GitHubAppApp.swift in Sources */,
			);
			runOnlyForDeploymentPostprocessing = 0;
		};
		C82FEB8425E6FF5C00EDFF44 /* Sources */ = {
			isa = PBXSourcesBuildPhase;
			buildActionMask = 2147483647;
			files = (
				C82FEB8D25E6FF5C00EDFF44 /* Tests_iOS.swift in Sources */,
			);
			runOnlyForDeploymentPostprocessing = 0;
		};
		C82FEB8F25E6FF5C00EDFF44 /* Sources */ = {
			isa = PBXSourcesBuildPhase;
			buildActionMask = 2147483647;
			files = (
				C82FEB9825E6FF5C00EDFF44 /* Tests_macOS.swift in Sources */,
			);
			runOnlyForDeploymentPostprocessing = 0;
		};
/* End PBXSourcesBuildPhase section */

/* Begin PBXTargetDependency section */
		C82FEB8A25E6FF5C00EDFF44 /* PBXTargetDependency */ = {
			isa = PBXTargetDependency;
			target = C82FEB7725E6FF5C00EDFF44 /* GitHubApp (iOS) */;
			targetProxy = C82FEB8925E6FF5C00EDFF44 /* PBXContainerItemProxy */;
		};
		C82FEB9525E6FF5C00EDFF44 /* PBXTargetDependency */ = {
			isa = PBXTargetDependency;
			target = C82FEB7F25E6FF5C00EDFF44 /* GitHubApp (macOS) */;
			targetProxy = C82FEB9425E6FF5C00EDFF44 /* PBXContainerItemProxy */;
		};
/* End PBXTargetDependency section */

/* Begin XCBuildConfiguration section */
		C82FEBA025E6FF5C00EDFF44 /* Debug */ = {
			isa = XCBuildConfiguration;
			buildSettings = {
				ALWAYS_SEARCH_USER_PATHS = NO;
				CLANG_ANALYZER_NONNULL = YES;
				CLANG_ANALYZER_NUMBER_OBJECT_CONVERSION = YES_AGGRESSIVE;
				CLANG_CXX_LANGUAGE_STANDARD = "gnu++14";
				CLANG_CXX_LIBRARY = "libc++";
				CLANG_ENABLE_MODULES = YES;
				CLANG_ENABLE_OBJC_ARC = YES;
				CLANG_ENABLE_OBJC_WEAK = YES;
				CLANG_WARN_BLOCK_CAPTURE_AUTORELEASING = YES;
				CLANG_WARN_BOOL_CONVERSION = YES;
				CLANG_WARN_COMMA = YES;
				CLANG_WARN_CONSTANT_CONVERSION = YES;
				CLANG_WARN_DEPRECATED_OBJC_IMPLEMENTATIONS = YES;
				CLANG_WARN_DIRECT_OBJC_ISA_USAGE = YES_ERROR;
				CLANG_WARN_DOCUMENTATION_COMMENTS = YES;
				CLANG_WARN_EMPTY_BODY = YES;
				CLANG_WARN_ENUM_CONVERSION = YES;
				CLANG_WARN_INFINITE_RECURSION = YES;
				CLANG_WARN_INT_CONVERSION = YES;
				CLANG_WARN_NON_LITERAL_NULL_CONVERSION = YES;
				CLANG_WARN_OBJC_IMPLICIT_RETAIN_SELF = YES;
				CLANG_WARN_OBJC_LITERAL_CONVERSION = YES;
				CLANG_WARN_OBJC_ROOT_CLASS = YES_ERROR;
				CLANG_WARN_QUOTED_INCLUDE_IN_FRAMEWORK_HEADER = YES;
				CLANG_WARN_RANGE_LOOP_ANALYSIS = YES;
				CLANG_WARN_STRICT_PROTOTYPES = YES;
				CLANG_WARN_SUSPICIOUS_MOVE = YES;
				CLANG_WARN_UNGUARDED_AVAILABILITY = YES_AGGRESSIVE;
				CLANG_WARN_UNREACHABLE_CODE = YES;
				CLANG_WARN__DUPLICATE_METHOD_MATCH = YES;
				COPY_PHASE_STRIP = NO;
				DEBUG_INFORMATION_FORMAT = dwarf;
				ENABLE_STRICT_OBJC_MSGSEND = YES;
				ENABLE_TESTABILITY = YES;
				GCC_C_LANGUAGE_STANDARD = gnu11;
				GCC_DYNAMIC_NO_PIC = NO;
				GCC_NO_COMMON_BLOCKS = YES;
				GCC_OPTIMIZATION_LEVEL = 0;
				GCC_PREPROCESSOR_DEFINITIONS = (
					"DEBUG=1",
					"$(inherited)",
				);
				GCC_WARN_64_TO_32_BIT_CONVERSION = YES;
				GCC_WARN_ABOUT_RETURN_TYPE = YES_ERROR;
				GCC_WARN_UNDECLARED_SELECTOR = YES;
				GCC_WARN_UNINITIALIZED_AUTOS = YES_AGGRESSIVE;
				GCC_WARN_UNUSED_FUNCTION = YES;
				GCC_WARN_UNUSED_VARIABLE = YES;
				MTL_ENABLE_DEBUG_INFO = INCLUDE_SOURCE;
				MTL_FAST_MATH = YES;
				ONLY_ACTIVE_ARCH = YES;
				SWIFT_ACTIVE_COMPILATION_CONDITIONS = DEBUG;
				SWIFT_OPTIMIZATION_LEVEL = "-Onone";
			};
			name = Debug;
		};
		C82FEBA125E6FF5C00EDFF44 /* Release */ = {
			isa = XCBuildConfiguration;
			buildSettings = {
				ALWAYS_SEARCH_USER_PATHS = NO;
				CLANG_ANALYZER_NONNULL = YES;
				CLANG_ANALYZER_NUMBER_OBJECT_CONVERSION = YES_AGGRESSIVE;
				CLANG_CXX_LANGUAGE_STANDARD = "gnu++14";
				CLANG_CXX_LIBRARY = "libc++";
				CLANG_ENABLE_MODULES = YES;
				CLANG_ENABLE_OBJC_ARC = YES;
				CLANG_ENABLE_OBJC_WEAK = YES;
				CLANG_WARN_BLOCK_CAPTURE_AUTORELEASING = YES;
				CLANG_WARN_BOOL_CONVERSION = YES;
				CLANG_WARN_COMMA = YES;
				CLANG_WARN_CONSTANT_CONVERSION = YES;
				CLANG_WARN_DEPRECATED_OBJC_IMPLEMENTATIONS = YES;
				CLANG_WARN_DIRECT_OBJC_ISA_USAGE = YES_ERROR;
				CLANG_WARN_DOCUMENTATION_COMMENTS = YES;
				CLANG_WARN_EMPTY_BODY = YES;
				CLANG_WARN_ENUM_CONVERSION = YES;
				CLANG_WARN_INFINITE_RECURSION = YES;
				CLANG_WARN_INT_CONVERSION = YES;
				CLANG_WARN_NON_LITERAL_NULL_CONVERSION = YES;
				CLANG_WARN_OBJC_IMPLICIT_RETAIN_SELF = YES;
				CLANG_WARN_OBJC_LITERAL_CONVERSION = YES;
				CLANG_WARN_OBJC_ROOT_CLASS = YES_ERROR;
				CLANG_WARN_QUOTED_INCLUDE_IN_FRAMEWORK_HEADER = YES;
				CLANG_WARN_RANGE_LOOP_ANALYSIS = YES;
				CLANG_WARN_STRICT_PROTOTYPES = YES;
				CLANG_WARN_SUSPICIOUS_MOVE = YES;
				CLANG_WARN_UNGUARDED_AVAILABILITY = YES_AGGRESSIVE;
				CLANG_WARN_UNREACHABLE_CODE = YES;
				CLANG_WARN__DUPLICATE_METHOD_MATCH = YES;
				COPY_PHASE_STRIP = NO;
				DEBUG_INFORMATION_FORMAT = "dwarf-with-dsym";
				ENABLE_NS_ASSERTIONS = NO;
				ENABLE_STRICT_OBJC_MSGSEND = YES;
				GCC_C_LANGUAGE_STANDARD = gnu11;
				GCC_NO_COMMON_BLOCKS = YES;
				GCC_WARN_64_TO_32_BIT_CONVERSION = YES;
				GCC_WARN_ABOUT_RETURN_TYPE = YES_ERROR;
				GCC_WARN_UNDECLARED_SELECTOR = YES;
				GCC_WARN_UNINITIALIZED_AUTOS = YES_AGGRESSIVE;
				GCC_WARN_UNUSED_FUNCTION = YES;
				GCC_WARN_UNUSED_VARIABLE = YES;
				MTL_ENABLE_DEBUG_INFO = NO;
				MTL_FAST_MATH = YES;
				SWIFT_COMPILATION_MODE = wholemodule;
				SWIFT_OPTIMIZATION_LEVEL = "-O";
			};
			name = Release;
		};
		C82FEBA325E6FF5C00EDFF44 /* Debug */ = {
			isa = XCBuildConfiguration;
			buildSettings = {
				ASSETCATALOG_COMPILER_APPICON_NAME = AppIcon;
				ASSETCATALOG_COMPILER_GLOBAL_ACCENT_COLOR_NAME = AccentColor;
				CODE_SIGN_STYLE = Automatic;
				ENABLE_PREVIEWS = YES;
				INFOPLIST_FILE = iOS/Info.plist;
				IPHONEOS_DEPLOYMENT_TARGET = 14.0;
				LD_RUNPATH_SEARCH_PATHS = (
					"$(inherited)",
					"@executable_path/Frameworks",
				);
				PRODUCT_BUNDLE_IDENTIFIER = com.sallyking.GitHubApp;
				PRODUCT_NAME = GitHubApp;
				SDKROOT = iphoneos;
				SWIFT_VERSION = 5.0;
				TARGETED_DEVICE_FAMILY = "1,2";
			};
			name = Debug;
		};
		C82FEBA425E6FF5C00EDFF44 /* Release */ = {
			isa = XCBuildConfiguration;
			buildSettings = {
				ASSETCATALOG_COMPILER_APPICON_NAME = AppIcon;
				ASSETCATALOG_COMPILER_GLOBAL_ACCENT_COLOR_NAME = AccentColor;
				CODE_SIGN_STYLE = Automatic;
				ENABLE_PREVIEWS = YES;
				INFOPLIST_FILE = iOS/Info.plist;
				IPHONEOS_DEPLOYMENT_TARGET = 14.0;
				LD_RUNPATH_SEARCH_PATHS = (
					"$(inherited)",
					"@executable_path/Frameworks",
				);
				PRODUCT_BUNDLE_IDENTIFIER = com.sallyking.GitHubApp;
				PRODUCT_NAME = GitHubApp;
				SDKROOT = iphoneos;
				SWIFT_VERSION = 5.0;
				TARGETED_DEVICE_FAMILY = "1,2";
				VALIDATE_PRODUCT = YES;
			};
			name = Release;
		};
		C82FEBA625E6FF5C00EDFF44 /* Debug */ = {
			isa = XCBuildConfiguration;
			buildSettings = {
				ASSETCATALOG_COMPILER_APPICON_NAME = AppIcon;
				ASSETCATALOG_COMPILER_GLOBAL_ACCENT_COLOR_NAME = AccentColor;
				CODE_SIGN_ENTITLEMENTS = macOS/macOS.entitlements;
				CODE_SIGN_STYLE = Automatic;
				COMBINE_HIDPI_IMAGES = YES;
				ENABLE_PREVIEWS = YES;
				INFOPLIST_FILE = macOS/Info.plist;
				LD_RUNPATH_SEARCH_PATHS = (
					"$(inherited)",
					"@executable_path/../Frameworks",
				);
				MACOSX_DEPLOYMENT_TARGET = 11.0;
				PRODUCT_BUNDLE_IDENTIFIER = com.sallyking.GitHubApp;
				PRODUCT_NAME = GitHubApp;
				SDKROOT = macosx;
				SWIFT_VERSION = 5.0;
			};
			name = Debug;
		};
		C82FEBA725E6FF5C00EDFF44 /* Release */ = {
			isa = XCBuildConfiguration;
			buildSettings = {
				ASSETCATALOG_COMPILER_APPICON_NAME = AppIcon;
				ASSETCATALOG_COMPILER_GLOBAL_ACCENT_COLOR_NAME = AccentColor;
				CODE_SIGN_ENTITLEMENTS = macOS/macOS.entitlements;
				CODE_SIGN_STYLE = Automatic;
				COMBINE_HIDPI_IMAGES = YES;
				ENABLE_PREVIEWS = YES;
				INFOPLIST_FILE = macOS/Info.plist;
				LD_RUNPATH_SEARCH_PATHS = (
					"$(inherited)",
					"@executable_path/../Frameworks",
				);
				MACOSX_DEPLOYMENT_TARGET = 11.0;
				PRODUCT_BUNDLE_IDENTIFIER = com.sallyking.GitHubApp;
				PRODUCT_NAME = GitHubApp;
				SDKROOT = macosx;
				SWIFT_VERSION = 5.0;
			};
			name = Release;
		};
		C82FEBA925E6FF5C00EDFF44 /* Debug */ = {
			isa = XCBuildConfiguration;
			buildSettings = {
				ALWAYS_EMBED_SWIFT_STANDARD_LIBRARIES = YES;
				CODE_SIGN_STYLE = Automatic;
				INFOPLIST_FILE = "Tests iOS/Info.plist";
				IPHONEOS_DEPLOYMENT_TARGET = 14.4;
				LD_RUNPATH_SEARCH_PATHS = (
					"$(inherited)",
					"@executable_path/Frameworks",
					"@loader_path/Frameworks",
				);
				PRODUCT_BUNDLE_IDENTIFIER = "com.sallyking.Tests-iOS";
				PRODUCT_NAME = "$(TARGET_NAME)";
				SDKROOT = iphoneos;
				SWIFT_VERSION = 5.0;
				TARGETED_DEVICE_FAMILY = "1,2";
				TEST_TARGET_NAME = "GitHubApp (iOS)";
			};
			name = Debug;
		};
		C82FEBAA25E6FF5C00EDFF44 /* Release */ = {
			isa = XCBuildConfiguration;
			buildSettings = {
				ALWAYS_EMBED_SWIFT_STANDARD_LIBRARIES = YES;
				CODE_SIGN_STYLE = Automatic;
				INFOPLIST_FILE = "Tests iOS/Info.plist";
				IPHONEOS_DEPLOYMENT_TARGET = 14.4;
				LD_RUNPATH_SEARCH_PATHS = (
					"$(inherited)",
					"@executable_path/Frameworks",
					"@loader_path/Frameworks",
				);
				PRODUCT_BUNDLE_IDENTIFIER = "com.sallyking.Tests-iOS";
				PRODUCT_NAME = "$(TARGET_NAME)";
				SDKROOT = iphoneos;
				SWIFT_VERSION = 5.0;
				TARGETED_DEVICE_FAMILY = "1,2";
				TEST_TARGET_NAME = "GitHubApp (iOS)";
				VALIDATE_PRODUCT = YES;
			};
			name = Release;
		};
		C82FEBAC25E6FF5C00EDFF44 /* Debug */ = {
			isa = XCBuildConfiguration;
			buildSettings = {
				ALWAYS_EMBED_SWIFT_STANDARD_LIBRARIES = YES;
				CODE_SIGN_STYLE = Automatic;
				COMBINE_HIDPI_IMAGES = YES;
				INFOPLIST_FILE = "Tests macOS/Info.plist";
				LD_RUNPATH_SEARCH_PATHS = (
					"$(inherited)",
					"@executable_path/../Frameworks",
					"@loader_path/../Frameworks",
				);
				MACOSX_DEPLOYMENT_TARGET = 10.15;
				PRODUCT_BUNDLE_IDENTIFIER = "com.sallyking.Tests-macOS";
				PRODUCT_NAME = "$(TARGET_NAME)";
				SDKROOT = macosx;
				SWIFT_VERSION = 5.0;
				TEST_TARGET_NAME = "GitHubApp (macOS)";
			};
			name = Debug;
		};
		C82FEBAD25E6FF5C00EDFF44 /* Release */ = {
			isa = XCBuildConfiguration;
			buildSettings = {
				ALWAYS_EMBED_SWIFT_STANDARD_LIBRARIES = YES;
				CODE_SIGN_STYLE = Automatic;
				COMBINE_HIDPI_IMAGES = YES;
				INFOPLIST_FILE = "Tests macOS/Info.plist";
				LD_RUNPATH_SEARCH_PATHS = (
					"$(inherited)",
					"@executable_path/../Frameworks",
					"@loader_path/../Frameworks",
				);
				MACOSX_DEPLOYMENT_TARGET = 10.15;
				PRODUCT_BUNDLE_IDENTIFIER = "com.sallyking.Tests-macOS";
				PRODUCT_NAME = "$(TARGET_NAME)";
				SDKROOT = macosx;
				SWIFT_VERSION = 5.0;
				TEST_TARGET_NAME = "GitHubApp (macOS)";
			};
			name = Release;
		};
/* End XCBuildConfiguration section */

/* Begin XCConfigurationList section */
		C82FEB6F25E6FF5B00EDFF44 /* Build configuration list for PBXProject "GitHubApp" */ = {
			isa = XCConfigurationList;
			buildConfigurations = (
				C82FEBA025E6FF5C00EDFF44 /* Debug */,
				C82FEBA125E6FF5C00EDFF44 /* Release */,
			);
			defaultConfigurationIsVisible = 0;
			defaultConfigurationName = Release;
		};
		C82FEBA225E6FF5C00EDFF44 /* Build configuration list for PBXNativeTarget "GitHubApp (iOS)" */ = {
			isa = XCConfigurationList;
			buildConfigurations = (
				C82FEBA325E6FF5C00EDFF44 /* Debug */,
				C82FEBA425E6FF5C00EDFF44 /* Release */,
			);
			defaultConfigurationIsVisible = 0;
			defaultConfigurationName = Release;
		};
		C82FEBA525E6FF5C00EDFF44 /* Build configuration list for PBXNativeTarget "GitHubApp (macOS)" */ = {
			isa = XCConfigurationList;
			buildConfigurations = (
				C82FEBA625E6FF5C00EDFF44 /* Debug */,
				C82FEBA725E6FF5C00EDFF44 /* Release */,
			);
			defaultConfigurationIsVisible = 0;
			defaultConfigurationName = Release;
		};
		C82FEBA825E6FF5C00EDFF44 /* Build configuration list for PBXNativeTarget "Tests iOS" */ = {
			isa = XCConfigurationList;
			buildConfigurations = (
				C82FEBA925E6FF5C00EDFF44 /* Debug */,
				C82FEBAA25E6FF5C00EDFF44 /* Release */,
			);
			defaultConfigurationIsVisible = 0;
			defaultConfigurationName = Release;
		};
		C82FEBAB25E6FF5C00EDFF44 /* Build configuration list for PBXNativeTarget "Tests macOS" */ = {
			isa = XCConfigurationList;
			buildConfigurations = (
				C82FEBAC25E6FF5C00EDFF44 /* Debug */,
				C82FEBAD25E6FF5C00EDFF44 /* Release */,
			);
			defaultConfigurationIsVisible = 0;
			defaultConfigurationName = Release;
		};
/* End XCConfigurationList section */
	};
	rootObject = C82FEB6C25E6FF5B00EDFF44 /* Project object */;
}
